// !$*UTF8*$!
{
	archiveVersion = 1;
	classes = {
	};
	objectVersion = 50;
	objects = {

/* Begin PBXBuildFile section */
		6D9389A4209AEB4400140B61 /* AppDelegate.swift in Sources */ = {isa = PBXBuildFile; fileRef = 6D9389A3209AEB4400140B61 /* AppDelegate.swift */; };
		6D9389A6209AEB4400140B61 /* ViewController.swift in Sources */ = {isa = PBXBuildFile; fileRef = 6D9389A5209AEB4400140B61 /* ViewController.swift */; };
		6D9389A9209AEB4400140B61 /* Main.storyboard in Resources */ = {isa = PBXBuildFile; fileRef = 6D9389A7209AEB4400140B61 /* Main.storyboard */; };
		6D9389AB209AEB4800140B61 /* Assets.xcassets in Resources */ = {isa = PBXBuildFile; fileRef = 6D9389AA209AEB4800140B61 /* Assets.xcassets */; };
		6D9389AE209AEB4800140B61 /* LaunchScreen.storyboard in Resources */ = {isa = PBXBuildFile; fileRef = 6D9389AC209AEB4800140B61 /* LaunchScreen.storyboard */; };
		6D9389B9209AEB4800140B61 /* MyTranslationTests.swift in Sources */ = {isa = PBXBuildFile; fileRef = 6D9389B8209AEB4800140B61 /* MyTranslationTests.swift */; };
		6D9389C4209AEB4800140B61 /* MyTranslationUITests.swift in Sources */ = {isa = PBXBuildFile; fileRef = 6D9389C3209AEB4800140B61 /* MyTranslationUITests.swift */; };
/* End PBXBuildFile section */

/* Begin PBXContainerItemProxy section */
		6D9389B5209AEB4800140B61 /* PBXContainerItemProxy */ = {
			isa = PBXContainerItemProxy;
			containerPortal = 6D938998209AEB4400140B61 /* Project object */;
			proxyType = 1;
			remoteGlobalIDString = 6D93899F209AEB4400140B61;
			remoteInfo = MyTranslation;
		};
		6D9389C0209AEB4800140B61 /* PBXContainerItemProxy */ = {
			isa = PBXContainerItemProxy;
			containerPortal = 6D938998209AEB4400140B61 /* Project object */;
			proxyType = 1;
			remoteGlobalIDString = 6D93899F209AEB4400140B61;
			remoteInfo = MyTranslation;
		};
/* End PBXContainerItemProxy section */

/* Begin PBXFileReference section */
		6D9389A0209AEB4400140B61 /* MyTranslation.app */ = {isa = PBXFileReference; explicitFileType = wrapper.application; includeInIndex = 0; path = MyTranslation.app; sourceTree = BUILT_PRODUCTS_DIR; };
		6D9389A3209AEB4400140B61 /* AppDelegate.swift */ = {isa = PBXFileReference; lastKnownFileType = sourcecode.swift; path = AppDelegate.swift; sourceTree = "<group>"; };
		6D9389A5209AEB4400140B61 /* ViewController.swift */ = {isa = PBXFileReference; lastKnownFileType = sourcecode.swift; path = ViewController.swift; sourceTree = "<group>"; };
		6D9389A8209AEB4400140B61 /* Base */ = {isa = PBXFileReference; lastKnownFileType = file.storyboard; name = Base; path = Base.lproj/Main.storyboard; sourceTree = "<group>"; };
		6D9389AA209AEB4800140B61 /* Assets.xcassets */ = {isa = PBXFileReference; lastKnownFileType = folder.assetcatalog; path = Assets.xcassets; sourceTree = "<group>"; };
		6D9389AD209AEB4800140B61 /* Base */ = {isa = PBXFileReference; lastKnownFileType = file.storyboard; name = Base; path = Base.lproj/LaunchScreen.storyboard; sourceTree = "<group>"; };
		6D9389AF209AEB4800140B61 /* Info.plist */ = {isa = PBXFileReference; lastKnownFileType = text.plist.xml; path = Info.plist; sourceTree = "<group>"; };
		6D9389B4209AEB4800140B61 /* MyTranslationTests.xctest */ = {isa = PBXFileReference; explicitFileType = wrapper.cfbundle; includeInIndex = 0; path = MyTranslationTests.xctest; sourceTree = BUILT_PRODUCTS_DIR; };
		6D9389B8209AEB4800140B61 /* MyTranslationTests.swift */ = {isa = PBXFileReference; lastKnownFileType = sourcecode.swift; path = MyTranslationTests.swift; sourceTree = "<group>"; };
		6D9389BA209AEB4800140B61 /* Info.plist */ = {isa = PBXFileReference; lastKnownFileType = text.plist.xml; path = Info.plist; sourceTree = "<group>"; };
		6D9389BF209AEB4800140B61 /* MyTranslationUITests.xctest */ = {isa = PBXFileReference; explicitFileType = wrapper.cfbundle; includeInIndex = 0; path = MyTranslationUITests.xctest; sourceTree = BUILT_PRODUCTS_DIR; };
		6D9389C3209AEB4800140B61 /* MyTranslationUITests.swift */ = {isa = PBXFileReference; lastKnownFileType = sourcecode.swift; path = MyTranslationUITests.swift; sourceTree = "<group>"; };
		6D9389C5209AEB4800140B61 /* Info.plist */ = {isa = PBXFileReference; lastKnownFileType = text.plist.xml; path = Info.plist; sourceTree = "<group>"; };
/* End PBXFileReference section */

/* Begin PBXFrameworksBuildPhase section */
		6D93899D209AEB4400140B61 /* Frameworks */ = {
			isa = PBXFrameworksBuildPhase;
			buildActionMask = 2147483647;
			files = (
			);
			runOnlyForDeploymentPostprocessing = 0;
		};
		6D9389B1209AEB4800140B61 /* Frameworks */ = {
			isa = PBXFrameworksBuildPhase;
			buildActionMask = 2147483647;
			files = (
			);
			runOnlyForDeploymentPostprocessing = 0;
		};
		6D9389BC209AEB4800140B61 /* Frameworks */ = {
			isa = PBXFrameworksBuildPhase;
			buildActionMask = 2147483647;
			files = (
			);
			runOnlyForDeploymentPostprocessing = 0;
		};
/* End PBXFrameworksBuildPhase section */

/* Begin PBXGroup section */
		6D938997209AEB4400140B61 = {
			isa = PBXGroup;
			children = (
				6D9389A2209AEB4400140B61 /* MyTranslation */,
				6D9389B7209AEB4800140B61 /* MyTranslationTests */,
				6D9389C2209AEB4800140B61 /* MyTranslationUITests */,
				6D9389A1209AEB4400140B61 /* Products */,
			);
			sourceTree = "<group>";
		};
		6D9389A1209AEB4400140B61 /* Products */ = {
			isa = PBXGroup;
			children = (
				6D9389A0209AEB4400140B61 /* MyTranslation.app */,
				6D9389B4209AEB4800140B61 /* MyTranslationTests.xctest */,
				6D9389BF209AEB4800140B61 /* MyTranslationUITests.xctest */,
			);
			name = Products;
			sourceTree = "<group>";
		};
		6D9389A2209AEB4400140B61 /* MyTranslation */ = {
			isa = PBXGroup;
			children = (
				6D9389A3209AEB4400140B61 /* AppDelegate.swift */,
				6D9389A5209AEB4400140B61 /* ViewController.swift */,
				6D9389A7209AEB4400140B61 /* Main.storyboard */,
				6D9389AA209AEB4800140B61 /* Assets.xcassets */,
				6D9389AC209AEB4800140B61 /* LaunchScreen.storyboard */,
				6D9389AF209AEB4800140B61 /* Info.plist */,
			);
			path = MyTranslation;
			sourceTree = "<group>";
		};
		6D9389B7209AEB4800140B61 /* MyTranslationTests */ = {
			isa = PBXGroup;
			children = (
				6D9389B8209AEB4800140B61 /* MyTranslationTests.swift */,
				6D9389BA209AEB4800140B61 /* Info.plist */,
			);
			path = MyTranslationTests;
			sourceTree = "<group>";
		};
		6D9389C2209AEB4800140B61 /* MyTranslationUITests */ = {
			isa = PBXGroup;
			children = (
				6D9389C3209AEB4800140B61 /* MyTranslationUITests.swift */,
				6D9389C5209AEB4800140B61 /* Info.plist */,
			);
			path = MyTranslationUITests;
			sourceTree = "<group>";
		};
/* End PBXGroup section */

/* Begin PBXNativeTarget section */
		6D93899F209AEB4400140B61 /* MyTranslation */ = {
			isa = PBXNativeTarget;
			buildConfigurationList = 6D9389C8209AEB4800140B61 /* Build configuration list for PBXNativeTarget "MyTranslation" */;
			buildPhases = (
				6D93899C209AEB4400140B61 /* Sources */,
				6D93899D209AEB4400140B61 /* Frameworks */,
				6D93899E209AEB4400140B61 /* Resources */,
			);
			buildRules = (
			);
			dependencies = (
			);
			name = MyTranslation;
			productName = MyTranslation;
			productReference = 6D9389A0209AEB4400140B61 /* MyTranslation.app */;
			productType = "com.apple.product-type.application";
		};
		6D9389B3209AEB4800140B61 /* MyTranslationTests */ = {
			isa = PBXNativeTarget;
			buildConfigurationList = 6D9389CB209AEB4800140B61 /* Build configuration list for PBXNativeTarget "MyTranslationTests" */;
			buildPhases = (
				6D9389B0209AEB4800140B61 /* Sources */,
				6D9389B1209AEB4800140B61 /* Frameworks */,
				6D9389B2209AEB4800140B61 /* Resources */,
			);
			buildRules = (
			);
			dependencies = (
				6D9389B6209AEB4800140B61 /* PBXTargetDependency */,
			);
			name = MyTranslationTests;
			productName = MyTranslationTests;
			productReference = 6D9389B4209AEB4800140B61 /* MyTranslationTests.xctest */;
			productType = "com.apple.product-type.bundle.unit-test";
		};
		6D9389BE209AEB4800140B61 /* MyTranslationUITests */ = {
			isa = PBXNativeTarget;
			buildConfigurationList = 6D9389CE209AEB4800140B61 /* Build configuration list for PBXNativeTarget "MyTranslationUITests" */;
			buildPhases = (
				6D9389BB209AEB4800140B61 /* Sources */,
				6D9389BC209AEB4800140B61 /* Frameworks */,
				6D9389BD209AEB4800140B61 /* Resources */,
			);
			buildRules = (
			);
			dependencies = (
				6D9389C1209AEB4800140B61 /* PBXTargetDependency */,
			);
			name = MyTranslationUITests;
			productName = MyTranslationUITests;
			productReference = 6D9389BF209AEB4800140B61 /* MyTranslationUITests.xctest */;
			productType = "com.apple.product-type.bundle.ui-testing";
		};
/* End PBXNativeTarget section */

/* Begin PBXProject section */
		6D938998209AEB4400140B61 /* Project object */ = {
			isa = PBXProject;
			attributes = {
				LastSwiftUpdateCheck = 0930;
				LastUpgradeCheck = 0930;
				ORGANIZATIONNAME = "Leena Erhayel";
				TargetAttributes = {
					6D93899F209AEB4400140B61 = {
						CreatedOnToolsVersion = 9.3;
					};
					6D9389B3209AEB4800140B61 = {
						CreatedOnToolsVersion = 9.3;
						TestTargetID = 6D93899F209AEB4400140B61;
					};
					6D9389BE209AEB4800140B61 = {
						CreatedOnToolsVersion = 9.3;
						TestTargetID = 6D93899F209AEB4400140B61;
					};
				};
			};
			buildConfigurationList = 6D93899B209AEB4400140B61 /* Build configuration list for PBXProject "MyTranslation" */;
			compatibilityVersion = "Xcode 9.3";
			developmentRegion = en;
			hasScannedForEncodings = 0;
			knownRegions = (
				en,
				Base,
			);
			mainGroup = 6D938997209AEB4400140B61;
			productRefGroup = 6D9389A1209AEB4400140B61 /* Products */;
			projectDirPath = "";
			projectRoot = "";
			targets = (
				6D93899F209AEB4400140B61 /* MyTranslation */,
				6D9389B3209AEB4800140B61 /* MyTranslationTests */,
				6D9389BE209AEB4800140B61 /* MyTranslationUITests */,
			);
		};
/* End PBXProject section */

/* Begin PBXResourcesBuildPhase section */
		6D93899E209AEB4400140B61 /* Resources */ = {
			isa = PBXResourcesBuildPhase;
			buildActionMask = 2147483647;
			files = (
				6D9389AE209AEB4800140B61 /* LaunchScreen.storyboard in Resources */,
				6D9389AB209AEB4800140B61 /* Assets.xcassets in Resources */,
				6D9389A9209AEB4400140B61 /* Main.storyboard in Resources */,
			);
			runOnlyForDeploymentPostprocessing = 0;
		};
		6D9389B2209AEB4800140B61 /* Resources */ = {
			isa = PBXResourcesBuildPhase;
			buildActionMask = 2147483647;
			files = (
			);
			runOnlyForDeploymentPostprocessing = 0;
		};
		6D9389BD209AEB4800140B61 /* Resources */ = {
			isa = PBXResourcesBuildPhase;
			buildActionMask = 2147483647;
			files = (
			);
			runOnlyForDeploymentPostprocessing = 0;
		};
/* End PBXResourcesBuildPhase section */

/* Begin PBXSourcesBuildPhase section */
		6D93899C209AEB4400140B61 /* Sources */ = {
			isa = PBXSourcesBuildPhase;
			buildActionMask = 2147483647;
			files = (
				6D9389A6209AEB4400140B61 /* ViewController.swift in Sources */,
				6D9389A4209AEB4400140B61 /* AppDelegate.swift in Sources */,
			);
			runOnlyForDeploymentPostprocessing = 0;
		};
		6D9389B0209AEB4800140B61 /* Sources */ = {
			isa = PBXSourcesBuildPhase;
			buildActionMask = 2147483647;
			files = (
				6D9389B9209AEB4800140B61 /* MyTranslationTests.swift in Sources */,
			);
			runOnlyForDeploymentPostprocessing = 0;
		};
		6D9389BB209AEB4800140B61 /* Sources */ = {
			isa = PBXSourcesBuildPhase;
			buildActionMask = 2147483647;
			files = (
				6D9389C4209AEB4800140B61 /* MyTranslationUITests.swift in Sources */,
			);
			runOnlyForDeploymentPostprocessing = 0;
		};
/* End PBXSourcesBuildPhase section */

/* Begin PBXTargetDependency section */
		6D9389B6209AEB4800140B61 /* PBXTargetDependency */ = {
			isa = PBXTargetDependency;
			target = 6D93899F209AEB4400140B61 /* MyTranslation */;
			targetProxy = 6D9389B5209AEB4800140B61 /* PBXContainerItemProxy */;
		};
		6D9389C1209AEB4800140B61 /* PBXTargetDependency */ = {
			isa = PBXTargetDependency;
			target = 6D93899F209AEB4400140B61 /* MyTranslation */;
			targetProxy = 6D9389C0209AEB4800140B61 /* PBXContainerItemProxy */;
		};
/* End PBXTargetDependency section */

/* Begin PBXVariantGroup section */
		6D9389A7209AEB4400140B61 /* Main.storyboard */ = {
			isa = PBXVariantGroup;
			children = (
				6D9389A8209AEB4400140B61 /* Base */,
			);
			name = Main.storyboard;
			sourceTree = "<group>";
		};
		6D9389AC209AEB4800140B61 /* LaunchScreen.storyboard */ = {
			isa = PBXVariantGroup;
			children = (
				6D9389AD209AEB4800140B61 /* Base */,
			);
			name = LaunchScreen.storyboard;
			sourceTree = "<group>";
		};
/* End PBXVariantGroup section */

/* Begin XCBuildConfiguration section */
		6D9389C6209AEB4800140B61 /* Debug */ = {
			isa = XCBuildConfiguration;
			buildSettings = {
				ALWAYS_SEARCH_USER_PATHS = NO;
				CLANG_ANALYZER_NONNULL = YES;
				CLANG_ANALYZER_NUMBER_OBJECT_CONVERSION = YES_AGGRESSIVE;
				CLANG_CXX_LANGUAGE_STANDARD = "gnu++14";
				CLANG_CXX_LIBRARY = "libc++";
				CLANG_ENABLE_MODULES = YES;
				CLANG_ENABLE_OBJC_ARC = YES;
				CLANG_ENABLE_OBJC_WEAK = YES;
				CLANG_WARN_BLOCK_CAPTURE_AUTORELEASING = YES;
				CLANG_WARN_BOOL_CONVERSION = YES;
				CLANG_WARN_COMMA = YES;
				CLANG_WARN_CONSTANT_CONVERSION = YES;
				CLANG_WARN_DEPRECATED_OBJC_IMPLEMENTATIONS = YES;
				CLANG_WARN_DIRECT_OBJC_ISA_USAGE = YES_ERROR;
				CLANG_WARN_DOCUMENTATION_COMMENTS = YES;
				CLANG_WARN_EMPTY_BODY = YES;
				CLANG_WARN_ENUM_CONVERSION = YES;
				CLANG_WARN_INFINITE_RECURSION = YES;
				CLANG_WARN_INT_CONVERSION = YES;
				CLANG_WARN_NON_LITERAL_NULL_CONVERSION = YES;
				CLANG_WARN_OBJC_IMPLICIT_RETAIN_SELF = YES;
				CLANG_WARN_OBJC_LITERAL_CONVERSION = YES;
				CLANG_WARN_OBJC_ROOT_CLASS = YES_ERROR;
				CLANG_WARN_RANGE_LOOP_ANALYSIS = YES;
				CLANG_WARN_STRICT_PROTOTYPES = YES;
				CLANG_WARN_SUSPICIOUS_MOVE = YES;
				CLANG_WARN_UNGUARDED_AVAILABILITY = YES_AGGRESSIVE;
				CLANG_WARN_UNREACHABLE_CODE = YES;
				CLANG_WARN__DUPLICATE_METHOD_MATCH = YES;
				CODE_SIGN_IDENTITY = "iPhone Developer";
				COPY_PHASE_STRIP = NO;
				DEBUG_INFORMATION_FORMAT = dwarf;
				ENABLE_STRICT_OBJC_MSGSEND = YES;
				ENABLE_TESTABILITY = YES;
				GCC_C_LANGUAGE_STANDARD = gnu11;
				GCC_DYNAMIC_NO_PIC = NO;
				GCC_NO_COMMON_BLOCKS = YES;
				GCC_OPTIMIZATION_LEVEL = 0;
				GCC_PREPROCESSOR_DEFINITIONS = (
					"DEBUG=1",
					"$(inherited)",
				);
				GCC_WARN_64_TO_32_BIT_CONVERSION = YES;
				GCC_WARN_ABOUT_RETURN_TYPE = YES_ERROR;
				GCC_WARN_UNDECLARED_SELECTOR = YES;
				GCC_WARN_UNINITIALIZED_AUTOS = YES_AGGRESSIVE;
				GCC_WARN_UNUSED_FUNCTION = YES;
				GCC_WARN_UNUSED_VARIABLE = YES;
				IPHONEOS_DEPLOYMENT_TARGET = 11.3;
				MTL_ENABLE_DEBUG_INFO = YES;
				ONLY_ACTIVE_ARCH = YES;
				SDKROOT = iphoneos;
				SWIFT_ACTIVE_COMPILATION_CONDITIONS = DEBUG;
				SWIFT_OPTIMIZATION_LEVEL = "-Onone";
			};
			name = Debug;
		};
		6D9389C7209AEB4800140B61 /* Release */ = {
			isa = XCBuildConfiguration;
			buildSettings = {
				ALWAYS_SEARCH_USER_PATHS = NO;
				CLANG_ANALYZER_NONNULL = YES;
				CLANG_ANALYZER_NUMBER_OBJECT_CONVERSION = YES_AGGRESSIVE;
				CLANG_CXX_LANGUAGE_STANDARD = "gnu++14";
				CLANG_CXX_LIBRARY = "libc++";
				CLANG_ENABLE_MODULES = YES;
				CLANG_ENABLE_OBJC_ARC = YES;
				CLANG_ENABLE_OBJC_WEAK = YES;
				CLANG_WARN_BLOCK_CAPTURE_AUTORELEASING = YES;
				CLANG_WARN_BOOL_CONVERSION = YES;
				CLANG_WARN_COMMA = YES;
				CLANG_WARN_CONSTANT_CONVERSION = YES;
				CLANG_WARN_DEPRECATED_OBJC_IMPLEMENTATIONS = YES;
				CLANG_WARN_DIRECT_OBJC_ISA_USAGE = YES_ERROR;
				CLANG_WARN_DOCUMENTATION_COMMENTS = YES;
				CLANG_WARN_EMPTY_BODY = YES;
				CLANG_WARN_ENUM_CONVERSION = YES;
				CLANG_WARN_INFINITE_RECURSION = YES;
				CLANG_WARN_INT_CONVERSION = YES;
				CLANG_WARN_NON_LITERAL_NULL_CONVERSION = YES;
				CLANG_WARN_OBJC_IMPLICIT_RETAIN_SELF = YES;
				CLANG_WARN_OBJC_LITERAL_CONVERSION = YES;
				CLANG_WARN_OBJC_ROOT_CLASS = YES_ERROR;
				CLANG_WARN_RANGE_LOOP_ANALYSIS = YES;
				CLANG_WARN_STRICT_PROTOTYPES = YES;
				CLANG_WARN_SUSPICIOUS_MOVE = YES;
				CLANG_WARN_UNGUARDED_AVAILABILITY = YES_AGGRESSIVE;
				CLANG_WARN_UNREACHABLE_CODE = YES;
				CLANG_WARN__DUPLICATE_METHOD_MATCH = YES;
				CODE_SIGN_IDENTITY = "iPhone Developer";
				COPY_PHASE_STRIP = NO;
				DEBUG_INFORMATION_FORMAT = "dwarf-with-dsym";
				ENABLE_NS_ASSERTIONS = NO;
				ENABLE_STRICT_OBJC_MSGSEND = YES;
				GCC_C_LANGUAGE_STANDARD = gnu11;
				GCC_NO_COMMON_BLOCKS = YES;
				GCC_WARN_64_TO_32_BIT_CONVERSION = YES;
				GCC_WARN_ABOUT_RETURN_TYPE = YES_ERROR;
				GCC_WARN_UNDECLARED_SELECTOR = YES;
				GCC_WARN_UNINITIALIZED_AUTOS = YES_AGGRESSIVE;
				GCC_WARN_UNUSED_FUNCTION = YES;
				GCC_WARN_UNUSED_VARIABLE = YES;
				IPHONEOS_DEPLOYMENT_TARGET = 11.3;
				MTL_ENABLE_DEBUG_INFO = NO;
				SDKROOT = iphoneos;
				SWIFT_COMPILATION_MODE = wholemodule;
				SWIFT_OPTIMIZATION_LEVEL = "-O";
				VALIDATE_PRODUCT = YES;
			};
			name = Release;
		};
		6D9389C9209AEB4800140B61 /* Debug */ = {
			isa = XCBuildConfiguration;
			buildSettings = {
				ASSETCATALOG_COMPILER_APPICON_NAME = AppIcon;
				CODE_SIGN_STYLE = Automatic;
				INFOPLIST_FILE = MyTranslation/Info.plist;
				LD_RUNPATH_SEARCH_PATHS = (
					"$(inherited)",
					"@executable_path/Frameworks",
				);
				PRODUCT_BUNDLE_IDENTIFIER = Erhayel.MyTranslation;
				PRODUCT_NAME = "$(TARGET_NAME)";
				SWIFT_VERSION = 4.0;
				TARGETED_DEVICE_FAMILY = "1,2";
			};
			name = Debug;
		};
		6D9389CA209AEB4800140B61 /* Release */ = {
			isa = XCBuildConfiguration;
			buildSettings = {
				ASSETCATALOG_COMPILER_APPICON_NAME = AppIcon;
				CODE_SIGN_STYLE = Automatic;
				INFOPLIST_FILE = MyTranslation/Info.plist;
				LD_RUNPATH_SEARCH_PATHS = (
					"$(inherited)",
					"@executable_path/Frameworks",
				);
				PRODUCT_BUNDLE_IDENTIFIER = Erhayel.MyTranslation;
				PRODUCT_NAME = "$(TARGET_NAME)";
				SWIFT_VERSION = 4.0;
				TARGETED_DEVICE_FAMILY = "1,2";
			};
			name = Release;
		};
		6D9389CC209AEB4800140B61 /* Debug */ = {
			isa = XCBuildConfiguration;
			buildSettings = {
				ALWAYS_EMBED_SWIFT_STANDARD_LIBRARIES = YES;
				BUNDLE_LOADER = "$(TEST_HOST)";
				CODE_SIGN_STYLE = Automatic;
				INFOPLIST_FILE = MyTranslationTests/Info.plist;
				LD_RUNPATH_SEARCH_PATHS = (
					"$(inherited)",
					"@executable_path/Frameworks",
					"@loader_path/Frameworks",
				);
				PRODUCT_BUNDLE_IDENTIFIER = Erhayel.MyTranslationTests;
				PRODUCT_NAME = "$(TARGET_NAME)";
				SWIFT_VERSION = 4.0;
				TARGETED_DEVICE_FAMILY = "1,2";
				TEST_HOST = "$(BUILT_PRODUCTS_DIR)/MyTranslation.app/MyTranslation";
			};
			name = Debug;
		};
		6D9389CD209AEB4800140B61 /* Release */ = {
			isa = XCBuildConfiguration;
			buildSettings = {
				ALWAYS_EMBED_SWIFT_STANDARD_LIBRARIES = YES;
				BUNDLE_LOADER = "$(TEST_HOST)";
				CODE_SIGN_STYLE = Automatic;
				INFOPLIST_FILE = MyTranslationTests/Info.plist;
				LD_RUNPATH_SEARCH_PATHS = (
					"$(inherited)",
					"@executable_path/Frameworks",
					"@loader_path/Frameworks",
				);
				PRODUCT_BUNDLE_IDENTIFIER = Erhayel.MyTranslationTests;
				PRODUCT_NAME = "$(TARGET_NAME)";
				SWIFT_VERSION = 4.0;
				TARGETED_DEVICE_FAMILY = "1,2";
				TEST_HOST = "$(BUILT_PRODUCTS_DIR)/MyTranslation.app/MyTranslation";
			};
			name = Release;
		};
		6D9389CF209AEB4800140B61 /* Debug */ = {
			isa = XCBuildConfiguration;
			buildSettings = {
				ALWAYS_EMBED_SWIFT_STANDARD_LIBRARIES = YES;
				CODE_SIGN_STYLE = Automatic;
				INFOPLIST_FILE = MyTranslationUITests/Info.plist;
				LD_RUNPATH_SEARCH_PATHS = (
					"$(inherited)",
					"@executable_path/Frameworks",
					"@loader_path/Frameworks",
				);
				PRODUCT_BUNDLE_IDENTIFIER = Erhayel.MyTranslationUITests;
				PRODUCT_NAME = "$(TARGET_NAME)";
				SWIFT_VERSION = 4.0;
				TARGETED_DEVICE_FAMILY = "1,2";
				TEST_TARGET_NAME = MyTranslation;
			};
			name = Debug;
		};
		6D9389D0209AEB4800140B61 /* Release */ = {
			isa = XCBuildConfiguration;
			buildSettings = {
				ALWAYS_EMBED_SWIFT_STANDARD_LIBRARIES = YES;
				CODE_SIGN_STYLE = Automatic;
				INFOPLIST_FILE = MyTranslationUITests/Info.plist;
				LD_RUNPATH_SEARCH_PATHS = (
					"$(inherited)",
					"@executable_path/Frameworks",
					"@loader_path/Frameworks",
				);
				PRODUCT_BUNDLE_IDENTIFIER = Erhayel.MyTranslationUITests;
				PRODUCT_NAME = "$(TARGET_NAME)";
				SWIFT_VERSION = 4.0;
				TARGETED_DEVICE_FAMILY = "1,2";
				TEST_TARGET_NAME = MyTranslation;
			};
			name = Release;
		};
/* End XCBuildConfiguration section */

/* Begin XCConfigurationList section */
		6D93899B209AEB4400140B61 /* Build configuration list for PBXProject "MyTranslation" */ = {
			isa = XCConfigurationList;
			buildConfigurations = (
				6D9389C6209AEB4800140B61 /* Debug */,
				6D9389C7209AEB4800140B61 /* Release */,
			);
			defaultConfigurationIsVisible = 0;
			defaultConfigurationName = Release;
		};
		6D9389C8209AEB4800140B61 /* Build configuration list for PBXNativeTarget "MyTranslation" */ = {
			isa = XCConfigurationList;
			buildConfigurations = (
				6D9389C9209AEB4800140B61 /* Debug */,
				6D9389CA209AEB4800140B61 /* Release */,
			);
			defaultConfigurationIsVisible = 0;
			defaultConfigurationName = Release;
		};
		6D9389CB209AEB4800140B61 /* Build configuration list for PBXNativeTarget "MyTranslationTests" */ = {
			isa = XCConfigurationList;
			buildConfigurations = (
				6D9389CC209AEB4800140B61 /* Debug */,
				6D9389CD209AEB4800140B61 /* Release */,
			);
			defaultConfigurationIsVisible = 0;
			defaultConfigurationName = Release;
		};
		6D9389CE209AEB4800140B61 /* Build configuration list for PBXNativeTarget "MyTranslationUITests" */ = {
			isa = XCConfigurationList;
			buildConfigurations = (
				6D9389CF209AEB4800140B61 /* Debug */,
				6D9389D0209AEB4800140B61 /* Release */,
			);
			defaultConfigurationIsVisible = 0;
			defaultConfigurationName = Release;
		};
/* End XCConfigurationList section */
	};
	rootObject = 6D938998209AEB4400140B61 /* Project object */;
}
